version: 1
checksums:
  63f4c97e43b1d06779a7f553869f769a:
    app/title: c66a01edb6776bd253a614a130d5c436
    app/tagline: e76032fdd3735fa48e0d5324afe7d601
    nav/dashboard: c9380ea68c8c76ea451bd9613329a07c
    nav/reading: 9d93f1dff4a01a9e1566f23b401b8868
    nav/library: 512895070bcbba02f534d584e7028ef4
    nav/achievements: b8630556f011d979c83adde81fb028ff
    nav/shop: 6d365433a6d65f9ec3dd4853aa2439d9
    nav/progress: dd0200d5849ebb7d64c15098ae91d229
    nav/profile: d7878693f91303a438852d617f6d35df
    header/coinsLabel: 254869e0ee6c98bf27a9e97dbf26c80b
    header/gemsLabel: 2efb9bf871efa8165d5e9b77c00b2c16
    header/streakLabel: 6d4a1b2a44dc87911b5a8e0d253cb328
    header/goToDashboard: a6efa97d25e36fedc0af794f6ba610f2
    header/selectPrimaryLanguage: 198ae390ea212eaf864402aadfc6ef26
    languageSelector/primaryLanguage: a5c8eaac0640a27d6805c86b3faecd16
    languageSelector/secondaryLanguage: 61fb4902cd0cd8268226c9de7d8a70d3
    languageSelector/selectLanguage: 7fa8806eeb911aa9ba9f013b274a2e47
    languages/en: e1eeeb379f86a015d6e581fcbc4af7f3
    languages/es-419: e1cd9645ddb854071941a3a23af9eaaf
    languages/ko: 89708d4d23d3082f2859ca04d74b7293
    languages/zh-CN: 50f718bf150ae7e23e4d5e91def35efe
    languages/korean: 99d3a279a51280e063545941b380f6a8
    languages/mandarin: 1740870ae132834c6d4ca972bf11c871
    dashboard/welcome: c00587930a1125357b4e29646accfb71
    dashboard/level: 1e3bf31d5c6083e898dd3e3359fbb0c2
    dashboard/xp: 405c81bc1a43bd18f6fba18f7668b620
    dashboard/coins: 4bb3f8f7821707ce5c9f3d35c6d1e23c
    dashboard/gems: a0335827248ae438d01f5c438056e19b
    dashboard/streak: 6d4a1b2a44dc87911b5a8e0d253cb328
    reading/title: a2728e437ed1b43848ae86397a4f168d
    reading/generateButton: 7a1ed71ec853e5bb292cac0f686c85ee
    reading/generating: 4826ec9b8b6f89d54bd271a8796d660f
    reading/readAloud: 49195eaa11f005ca0d21449f94d9f17d
    reading/languageSettings: bff4627cb11a6ab62b91406d997b0678
    reading/secondaryLanguage: 80d5f4d3b6dabc6a0abf4866097e1b28
    reading/blendLevel: cae0f01830503a48dacb0a7e813a3b92
    reading/blendLevelDescription: e9de1e4d2a6f04f84eb7edc7df0ccea4
    reading/moreEnglish: 060abcdb2a012bb60baf9d550e0986c8
    reading/moreSecondary: dc2bb3597a48e304b6cc186cfdef4b0f
    reading/displayOptions: ef7f6dce479cd91753d512d195d1b30b
    reading/showHints: 13e4e06e5e8491f92e21ebdede0993a3
    reading/showRomanization: 7821e9260efc758acecc34d9c9f43a7e
    reading/audioSupport: 8282c5b6e777c5aec0a349bd43885c68
    reading/autoPlay: ea054b9e2b3ce278ca8ab0e456fd0c12
    common/loading: 82b4ea7ed1439094d7c4be13aaba9a66
    common/save: f7a2929f33bc420195e59ac5a8bcd454
    common/cancel: 2e2a849c2223911717de8caa2c71bade
    common/confirm: 90930b51154032f119fa75c1bd422d8b
    common/close: 2c2e22f8424a1031de89063bd0022e16
    common/back: f541015a827e37cb3b1234e56bc2aa3c
    common/next: 89ddbcf710eba274963494f312bdc8a9
    errors/userLoadFailed: 28a5aa02ec629e77ece07a2df3c9b6b5
    errors/storyGenerationFailed: 8c528f6e43e3a0cc67b38af6562c8d77
    errors/networkError: 9b4567af23c9955aca06ca2080a6f79e
    errors/invalidInput: 3b2358f31754a6e34d455b40ad9b27c1
